
Microsoft Visual Studio Solution File, Format Version 12.00
# Visual Studio Version 17
VisualStudioVersion = 17.10.34928.147
MinimumVisualStudioVersion = 10.0.40219.1
Project("{8BC9CEB8-8B4A-11D0-8D11-00A0C91BC942}") = "hw33", "hw33\hw33.vcxproj", "{D50E790C-1929-430E-B53C-790C060F6744}"
EndProject
Global
	GlobalSection(SolutionConfigurationPlatforms) = preSolution
		Debug|x64 = Debug|x64
		Debug|x86 = Debug|x86
		Release|x64 = Release|x64
		Release|x86 = Release|x86
	EndGlobalSection
	GlobalSection(ProjectConfigurationPlatforms) = postSolution
		{D50E790C-1929-430E-B53C-790C060F6744}.Debug|x64.ActiveCfg = Debug|x64
		{D50E790C-1929-430E-B53C-790C060F6744}.Debug|x64.Build.0 = Debug|x64
		{D50E790C-1929-430E-B53C-790C060F6744}.Debug|x86.ActiveCfg = Debug|Win32
		{D50E790C-1929-430E-B53C-790C060F6744}.Debug|x86.Build.0 = Debug|Win32
		{D50E790C-1929-430E-B53C-790C060F6744}.Release|x64.ActiveCfg = Release|x64
		{D50E790C-1929-430E-B53C-790C060F6744}.Release|x64.Build.0 = Release|x64
		{D50E790C-1929-430E-B53C-790C060F6744}.Release|x86.ActiveCfg = Release|Win32
		{D50E790C-1929-430E-B53C-790C060F6744}.Release|x86.Build.0 = Release|Win32
	EndGlobalSection
	GlobalSection(SolutionProperties) = preSolution
		HideSolutionNode = FALSE
	EndGlobalSection
	GlobalSection(ExtensibilityGlobals) = postSolution
		SolutionGuid = {CD8CFD03-7172-490C-841F-888886C835E2}
	EndGlobalSection
EndGlobal
